<?xml version="1.0" encoding="utf-8"?>
<Project ToolsVersion="4.0" xmlns="http://schemas.microsoft.com/developer/msbuild/2003">
  <ItemGroup>
    <ClCompile Include="res\glyphmap.cpp" />
    <ClCompile Include="res\messages.cpp" />
    <ClCompile Include="src\apps\calculator\calculator.cpp" />
    <ClCompile Include="src\apps\calculator\commands\cmdregistry.cpp" />
    <ClCompile Include="src\apps\calculator\commands\mathops.cpp" />
    <ClCompile Include="src\apps\calculator\commands\stackops.cpp" />
    <ClCompile Include="src\apps\calculator\menus\menuregistry.cpp" />
    <ClCompile Include="src\apps\calculator\objects\calgebraic.cpp" />
    <ClCompile Include="src\apps\calculator\objects\cobject.cpp" />
    <ClCompile Include="src\apps\calculator\objects\command.cpp" />
    <ClCompile Include="src\apps\calculator\objects\cinteger.cpp" />
    <ClCompile Include="src\apps\calculator\objects\cprogram.cpp" />
    <ClCompile Include="src\apps\calculator\objects\cstring.cpp" />
    <ClCompile Include="src\apps\calculator\objects\typeregistry.cpp" />
    <ClCompile Include="src\apps\calculator\objects\creal.cpp" />
    <ClCompile Include="src\apps\calculator\objecttextcontext.cpp" />
    <ClCompile Include="src\apps\calculator\stacklayout.cpp" />
    <ClCompile Include="src\math\dtoa.cpp" />
    <ClCompile Include="src\math\math.cpp" />
    <ClCompile Include="src\system\env\impl\events.cpp" />
    <ClCompile Include="src\system\env\impl\graphics\displayitem.cpp" />
    <ClCompile Include="src\system\env\impl\graphics\menu.cpp" />
    <ClCompile Include="src\system\env\impl\graphics\textinput.cpp" />
    <ClCompile Include="src\system\env\impl\keyboard.cpp" />
    <ClCompile Include="src\system\env\impl\menu.cpp" />
    <ClCompile Include="src\system\env\impl\system.cpp" />
    <ClCompile Include="src\system\env\impl\application.cpp" />
    <ClCompile Include="src\system\env\impl\environment.cpp" />
    <ClCompile Include="src\system\env\impl\util\gapstringbuffer.cpp" />
    <ClCompile Include="src\system\kernel\archs\win32\dbgconsole.cpp" />
    <ClCompile Include="src\system\kernel\archs\win32\buzzer.cpp" />
    <ClCompile Include="src\system\kernel\archs\win32\criticalsection.cpp" />
    <ClCompile Include="src\system\kernel\archs\win32\display.cpp" />
    <ClCompile Include="src\system\kernel\archs\win32\interrupts.cpp" />
    <ClCompile Include="src\system\kernel\archs\win32\threading.cpp" />
    <ClCompile Include="src\system\kernel\archs\win32\systimer.cpp" />
    <ClCompile Include="src\system\kernel\archs\win32\keyboard.cpp" />
    <ClCompile Include="src\system\kernel\memory\allocator.cpp" />
    <ClCompile Include="src\system\kernel\peripherals\device.cpp" />
    <ClCompile Include="src\system\kernel\peripherals\systimer.cpp" />
    <ClCompile Include="src\system\kernel\threading\criticalsection.cpp" />
    <ClCompile Include="src\system\kernel\threading\messagequeue.cpp" />
    <ClCompile Include="src\system\kernel\threading\scheduler.cpp" />
    <ClCompile Include="src\system\kernel\threading\systhread.cpp" />
    <ClCompile Include="src\system\kernel\threading\waitableobject.cpp" />
    <ClCompile Include="src\system\user\impl\debugging.cpp" />
    <ClCompile Include="src\system\user\impl\formatter.cpp" />
    <ClCompile Include="src\system\env\impl\graphics\composite.cpp" />
    <ClCompile Include="src\system\env\impl\display.cpp" />
    <ClCompile Include="src\system\env\impl\graphics\fill.cpp" />
    <ClCompile Include="src\system\env\impl\graphics\font.cpp" />
    <ClCompile Include="src\system\env\impl\graphics\text.cpp" />
    <ClCompile Include="src\system\user\impl\streams.cpp" />
    <ClCompile Include="src\system\user\impl\string.cpp" />
    <ClCompile Include="src\system\user\impl\stringbuffer.cpp" />
    <ClCompile Include="src\system\user\impl\utf8.cpp" />
    <ClCompile Include="src\system\kernel\archs\win32\Geenie.cpp" />
    <ClCompile Include="src\system\kernel\archs\win32\stdafx.cpp" />
  </ItemGroup>
  <ItemGroup>
    <ClInclude Include="res\messages.h" />
    <ClInclude Include="src\apps\calculator\calculator.h" />
    <ClInclude Include="src\apps\calculator\objects\calgebraic.h" />
    <ClInclude Include="src\apps\calculator\objects\cobject.h" />
    <ClInclude Include="src\apps\calculator\objects\command.h" />
    <ClInclude Include="src\apps\calculator\objects\cinteger.h" />
    <ClInclude Include="src\apps\calculator\objects\cprogram.h" />
    <ClInclude Include="src\apps\calculator\objects\creal.h" />
    <ClInclude Include="src\apps\calculator\objects\cstring.h" />
    <ClInclude Include="src\apps\calculator\objecttextcontext.h" />
    <ClInclude Include="src\apps\calculator\stacklayout.h" />
    <ClInclude Include="src\math\math.h" />
    <ClInclude Include="src\system\env\include\chars.h" />
    <ClInclude Include="src\system\env\include\events.h" />
    <ClInclude Include="src\system\env\include\graphics\menu.h" />
    <ClInclude Include="src\system\env\include\graphics\textinput.h" />
    <ClInclude Include="src\system\env\include\keyboard.h" />
    <ClInclude Include="src\system\env\include\menu.h" />
    <ClInclude Include="src\system\env\include\system.h" />
    <ClInclude Include="src\system\env\include\application.h" />
    <ClInclude Include="src\system\env\include\environment.h" />
    <ClInclude Include="src\system\env\include\util\gapstringbuffer.h" />
    <ClInclude Include="src\system\kernel\archs\win32\dbgconsole.h" />
    <ClInclude Include="src\system\kernel\archs\win32\buzzer.h" />
    <ClInclude Include="src\system\kernel\archs\win32\display.h" />
    <ClInclude Include="src\system\kernel\archs\win32\interrupts.h" />
    <ClInclude Include="src\system\kernel\archs\win32\threading.h" />
    <ClInclude Include="src\system\kernel\archs\win32\keyboard.h" />
    <ClInclude Include="src\system\Kernel\memory\allocator.h" />
    <ClInclude Include="src\system\kernel\peripherals\device.h" />
    <ClInclude Include="src\system\kernel\peripherals\interrupts.h" />
    <ClInclude Include="src\system\kernel\peripherals\systimer.h" />
    <ClInclude Include="src\system\kernel\syscalls\syscalls.h" />
    <ClInclude Include="src\system\kernel\syscalls\fwddecls.h" />
    <ClInclude Include="src\system\kernel\threading\criticalsection.h" />
    <ClInclude Include="src\system\kernel\threading\messagequeue.h" />
    <ClInclude Include="src\system\kernel\threading\scheduler.h" />
    <ClInclude Include="src\system\kernel\threading\waitableobject.h" />
    <ClInclude Include="src\system\user\include\criticalsection.h" />
    <ClInclude Include="src\system\user\include\debugging.h" />
    <ClInclude Include="src\system\user\include\exception.h" />
    <ClInclude Include="src\system\env\include\graphics\composite.h" />
    <ClInclude Include="src\system\env\include\display.h" />
    <ClInclude Include="src\system\env\include\graphics\displayitem.h" />
    <ClInclude Include="src\system\env\include\graphics\fill.h" />
    <ClInclude Include="src\system\env\include\graphics\font.h" />
    <ClInclude Include="src\system\env\include\graphics\text.h" />
    <ClInclude Include="src\system\user\include\io\device.h" />
    <ClInclude Include="src\system\user\include\io\streams.h" />
    <ClInclude Include="src\system\user\include\io\printstream.h" />
    <ClInclude Include="src\system\user\include\messagequeue.h" />
    <ClInclude Include="src\system\user\include\object.h" />
    <ClInclude Include="src\system\kernel\threading\systhread.h" />
    <ClInclude Include="src\system\user\include\objectimpl.h" />
    <ClInclude Include="src\system\user\include\base.h" />
    <ClInclude Include="src\system\user\include\thread.h" />
    <ClInclude Include="src\system\user\include\util\array.h" />
    <ClInclude Include="src\system\user\include\util\circarray.h" />
    <ClInclude Include="src\system\user\include\util\circbuffer.h" />
    <ClInclude Include="src\system\user\include\util\formatter.h" />
    <ClInclude Include="src\system\user\include\util\list.h" />
    <ClInclude Include="src\system\user\include\util\macros.h" />
    <ClInclude Include="src\system\user\include\util\statichashtable.h" />
    <ClInclude Include="src\system\user\include\util\staticlist.h" />
    <ClInclude Include="src\system\user\include\util\string.h" />
    <ClInclude Include="src\system\user\include\util\stringbuffer.h" />
    <ClInclude Include="src\system\user\include\util\traits.h" />
    <ClInclude Include="src\system\user\include\util\utf8.h" />
    <ClInclude Include="src\system\user\include\waitableevent.h" />
    <ClInclude Include="src\system\kernel\archs\win32\include\archstructs.h" />
    <ClInclude Include="src\system\kernel\archs\win32\Geenie.h" />
    <ClInclude Include="res\win32\resource.h" />
    <ClInclude Include="src\system\kernel\archs\win32\include\stdafx.h" />
    <ClInclude Include="src\system\kernel\archs\win32\include\stdincludes.h" />
    <ClInclude Include="src\system\kernel\archs\win32\include\sysutils.h" />
    <ClInclude Include="src\system\kernel\archs\win32\include\targetver.h" />
  </ItemGroup>
  <ItemGroup>
    <ResourceCompile Include="res\win32\Geenie.rc" />
  </ItemGroup>
  <ItemGroup>
    <None Include="src\TODO.txt" />
    <None Include="res\fontdata.i" />
    <None Include="res\messages.i" />
    <None Include="src\apps\calculator\commands\allcommands.i" />
    <None Include="src\apps\calculator\menus\allmenus.i" />
    <None Include="src\apps\calculator\objects\alltypes.i" />
    <None Include="src\system\kernel\syscalls\syscalls.i" />
    <None Include="res\win32\Geenie.ico" />
    <None Include="res\win32\arrow_bottom.bmp" />
    <None Include="res\win32\arrow_bottom_click.bmp" />
    <None Include="res\win32\arrow_bottom_hover.bmp" />
    <None Include="res\win32\arrow_left.bmp" />
    <None Include="res\win32\arrow_left_click.bmp" />
    <None Include="res\win32\arrow_left_hover.bmp" />
    <None Include="res\win32\arrow_right.bmp" />
    <None Include="res\win32\arrow_right_click.bmp" />
    <None Include="res\win32\arrow_right_hover.bmp" />
    <None Include="res\win32\arrow_top.bmp" />
    <None Include="res\win32\arrow_top_click.bmp" />
    <None Include="res\win32\arrow_top_hover.bmp" />
    <None Include="res\win32\console.bmp" />
    <None Include="res\win32\options.bmp" />
    <None Include="res\win32\ramcpu.bmp" />
    <None Include="res\win32\ramcpu_empty.bmp" />
    <None Include="res\win32\ramcpu_full.bmp" />
    <None Include="res\win32\ramcpu_right.bmp" />
    <None Include="res\win32\rect.bmp" />
    <None Include="res\win32\rect_click.bmp" />
    <None Include="res\win32\rect_hover.bmp" />
    <None Include="res\win32\screen.bmp" />
    <None Include="res\win32\toolbtn_click.bmp" />
    <None Include="res\win32\toolbtn_hover.bmp" />
    <None Include="res\win32\small.ico" />
  </ItemGroup>
</Project>